
Microsoft Visual Studio Solution File, Format Version 12.00
# Visual Studio 14
VisualStudioVersion = 14.0.25420.1
MinimumVisualStudioVersion = 10.0.40219.1
Project("{8BC9CEB8-8B4A-11D0-8D11-00A0C91BC942}") = "Chap3_Triangle", "Chap2_Triangle\Triangle.vcxproj", "{FAEFC525-D39B-4429-8C32-3AF6749E24E9}"
	ProjectSection(ProjectDependencies) = postProject
		{7E98459A-64AE-4734-A537-4AB52ED637E1} = {7E98459A-64AE-4734-A537-4AB52ED637E1}
	EndProjectSection
EndProject
Project("{8BC9CEB8-8B4A-11D0-8D11-00A0C91BC942}") = "gltools", "GLTools\gltools.vcxproj", "{7E98459A-64AE-4734-A537-4AB52ED637E1}"
EndProject
Project("{8BC9CEB8-8B4A-11D0-8D11-00A0C91BC942}") = "Chap3_Move", "Chap2_Move\Move.vcxproj", "{6045C077-4B18-451E-A494-C65136934886}"
EndProject
Project("{8BC9CEB8-8B4A-11D0-8D11-00A0C91BC942}") = "Chap3_Blending", "Chap3_Blending\Chap3_Blending.vcxproj", "{B43E1D72-62E9-4510-B681-8AA484253F15}"
	ProjectSection(ProjectDependencies) = postProject
		{7E98459A-64AE-4734-A537-4AB52ED637E1} = {7E98459A-64AE-4734-A537-4AB52ED637E1}
	EndProjectSection
EndProject
Project("{8BC9CEB8-8B4A-11D0-8D11-00A0C91BC942}") = "Chap3_Primitives", "Chap3_Primitives\Chap3_Primitives.vcxproj", "{FB598212-5221-4352-95A6-050FFB4BDF61}"
EndProject
Project("{8BC9CEB8-8B4A-11D0-8D11-00A0C91BC942}") = "Chap3_GeoTest", "Chap3_GeoTest\Chap3_GeoTest.vcxproj", "{C930BD45-F4F2-4F0C-BDD1-8E8881EF625B}"
EndProject
Project("{8BC9CEB8-8B4A-11D0-8D11-00A0C91BC942}") = "Chap3_Scissor", "Chap3_Scissor\Chap3_Scissor.vcxproj", "{E7AE17AA-A826-4C9F-9E78-EBE2A9FDD6AE}"
EndProject
Project("{8BC9CEB8-8B4A-11D0-8D11-00A0C91BC942}") = "Chap3_Smoother", "Chap3_Smoother\Chap3_Smoother.vcxproj", "{DE613ACC-98CC-4712-8EAB-23DAA81236A4}"
EndProject
Project("{8BC9CEB8-8B4A-11D0-8D11-00A0C91BC942}") = "Chap4_Objects", "Chap4_Objects\Chap4_Objects.vcxproj", "{780EBC4A-1745-4D30-AEFF-62423DCE9F56}"
EndProject
Project("{8BC9CEB8-8B4A-11D0-8D11-00A0C91BC942}") = "Chap4_OrthoGraphic", "Chap4_OrthoGraphic\Chap4_OrthoGraphic.vcxproj", "{D0903FE3-74A0-4D43-A331-14AE56FDC52A}"
EndProject
Project("{8BC9CEB8-8B4A-11D0-8D11-00A0C91BC942}") = "Chap4_Perspective", "Chap4_Perspective\Chap4_Perspective.vcxproj", "{682A9DEA-B371-4523-A9D7-A0A2E290EF2D}"
EndProject
Project("{8BC9CEB8-8B4A-11D0-8D11-00A0C91BC942}") = "Chap4_ModelViewProjection", "Chap4_ModelViewProjection\Chap4_ModelViewProjection.vcxproj", "{49EC7F2B-FA0C-48A8-96F1-1A3EBAEE71C9}"
EndProject
Project("{8BC9CEB8-8B4A-11D0-8D11-00A0C91BC942}") = "Chap4_SphereWorld", "Chap4_SphereWorld\Chap4_SphereWorld.vcxproj", "{0F1D3C97-9ED5-4064-A293-55924EF6B79A}"
EndProject
Project("{8BC9CEB8-8B4A-11D0-8D11-00A0C91BC942}") = "Chap4_SphereWorld2", "Chap4_SphereWorld2\Chap4_SphereWorld2.vcxproj", "{1AA52C12-9EF4-41EA-B5F2-F91BB8829632}"
EndProject
Project("{8BC9CEB8-8B4A-11D0-8D11-00A0C91BC942}") = "Chap8_FboTexture", "Chap8_FboTexture\Chap8_FboTexture.vcxproj", "{577D2B99-4D45-4E0D-95F0-CC4988884EC7}"
EndProject
Project("{8BC9CEB8-8B4A-11D0-8D11-00A0C91BC942}") = "Chap8_FboDrawBuffer", "Chap8_FboDrawBuffer\Chap8_FboDrawBuffer.vcxproj", "{2CED1D2A-C1A8-40F1-B49F-3A9B2C3DCA7C}"
EndProject
Global
	GlobalSection(SolutionConfigurationPlatforms) = preSolution
		Debug|Win32 = Debug|Win32
		Debug|x64 = Debug|x64
		Release|Win32 = Release|Win32
		Release|x64 = Release|x64
	EndGlobalSection
	GlobalSection(ProjectConfigurationPlatforms) = postSolution
		{FAEFC525-D39B-4429-8C32-3AF6749E24E9}.Debug|Win32.ActiveCfg = Debug|Win32
		{FAEFC525-D39B-4429-8C32-3AF6749E24E9}.Debug|Win32.Build.0 = Debug|Win32
		{FAEFC525-D39B-4429-8C32-3AF6749E24E9}.Debug|x64.ActiveCfg = Debug|x64
		{FAEFC525-D39B-4429-8C32-3AF6749E24E9}.Debug|x64.Build.0 = Debug|x64
		{FAEFC525-D39B-4429-8C32-3AF6749E24E9}.Release|Win32.ActiveCfg = Release|Win32
		{FAEFC525-D39B-4429-8C32-3AF6749E24E9}.Release|Win32.Build.0 = Release|Win32
		{FAEFC525-D39B-4429-8C32-3AF6749E24E9}.Release|x64.ActiveCfg = Release|x64
		{FAEFC525-D39B-4429-8C32-3AF6749E24E9}.Release|x64.Build.0 = Release|x64
		{7E98459A-64AE-4734-A537-4AB52ED637E1}.Debug|Win32.ActiveCfg = Debug|Win32
		{7E98459A-64AE-4734-A537-4AB52ED637E1}.Debug|Win32.Build.0 = Debug|Win32
		{7E98459A-64AE-4734-A537-4AB52ED637E1}.Debug|x64.ActiveCfg = Debug|x64
		{7E98459A-64AE-4734-A537-4AB52ED637E1}.Debug|x64.Build.0 = Debug|x64
		{7E98459A-64AE-4734-A537-4AB52ED637E1}.Release|Win32.ActiveCfg = Release|Win32
		{7E98459A-64AE-4734-A537-4AB52ED637E1}.Release|Win32.Build.0 = Release|Win32
		{7E98459A-64AE-4734-A537-4AB52ED637E1}.Release|x64.ActiveCfg = Release|x64
		{7E98459A-64AE-4734-A537-4AB52ED637E1}.Release|x64.Build.0 = Release|x64
		{6045C077-4B18-451E-A494-C65136934886}.Debug|Win32.ActiveCfg = Debug|Win32
		{6045C077-4B18-451E-A494-C65136934886}.Debug|Win32.Build.0 = Debug|Win32
		{6045C077-4B18-451E-A494-C65136934886}.Debug|x64.ActiveCfg = Debug|Win32
		{6045C077-4B18-451E-A494-C65136934886}.Release|Win32.ActiveCfg = Release|Win32
		{6045C077-4B18-451E-A494-C65136934886}.Release|Win32.Build.0 = Release|Win32
		{6045C077-4B18-451E-A494-C65136934886}.Release|x64.ActiveCfg = Release|Win32
		{B43E1D72-62E9-4510-B681-8AA484253F15}.Debug|Win32.ActiveCfg = Debug|Win32
		{B43E1D72-62E9-4510-B681-8AA484253F15}.Debug|Win32.Build.0 = Debug|Win32
		{B43E1D72-62E9-4510-B681-8AA484253F15}.Debug|x64.ActiveCfg = Debug|x64
		{B43E1D72-62E9-4510-B681-8AA484253F15}.Debug|x64.Build.0 = Debug|x64
		{B43E1D72-62E9-4510-B681-8AA484253F15}.Release|Win32.ActiveCfg = Release|Win32
		{B43E1D72-62E9-4510-B681-8AA484253F15}.Release|Win32.Build.0 = Release|Win32
		{B43E1D72-62E9-4510-B681-8AA484253F15}.Release|x64.ActiveCfg = Release|x64
		{B43E1D72-62E9-4510-B681-8AA484253F15}.Release|x64.Build.0 = Release|x64
		{FB598212-5221-4352-95A6-050FFB4BDF61}.Debug|Win32.ActiveCfg = Debug|Win32
		{FB598212-5221-4352-95A6-050FFB4BDF61}.Debug|Win32.Build.0 = Debug|Win32
		{FB598212-5221-4352-95A6-050FFB4BDF61}.Debug|x64.ActiveCfg = Debug|x64
		{FB598212-5221-4352-95A6-050FFB4BDF61}.Debug|x64.Build.0 = Debug|x64
		{FB598212-5221-4352-95A6-050FFB4BDF61}.Release|Win32.ActiveCfg = Release|Win32
		{FB598212-5221-4352-95A6-050FFB4BDF61}.Release|Win32.Build.0 = Release|Win32
		{FB598212-5221-4352-95A6-050FFB4BDF61}.Release|x64.ActiveCfg = Release|x64
		{FB598212-5221-4352-95A6-050FFB4BDF61}.Release|x64.Build.0 = Release|x64
		{C930BD45-F4F2-4F0C-BDD1-8E8881EF625B}.Debug|Win32.ActiveCfg = Debug|Win32
		{C930BD45-F4F2-4F0C-BDD1-8E8881EF625B}.Debug|Win32.Build.0 = Debug|Win32
		{C930BD45-F4F2-4F0C-BDD1-8E8881EF625B}.Debug|x64.ActiveCfg = Debug|x64
		{C930BD45-F4F2-4F0C-BDD1-8E8881EF625B}.Debug|x64.Build.0 = Debug|x64
		{C930BD45-F4F2-4F0C-BDD1-8E8881EF625B}.Release|Win32.ActiveCfg = Release|Win32
		{C930BD45-F4F2-4F0C-BDD1-8E8881EF625B}.Release|Win32.Build.0 = Release|Win32
		{C930BD45-F4F2-4F0C-BDD1-8E8881EF625B}.Release|x64.ActiveCfg = Release|x64
		{C930BD45-F4F2-4F0C-BDD1-8E8881EF625B}.Release|x64.Build.0 = Release|x64
		{E7AE17AA-A826-4C9F-9E78-EBE2A9FDD6AE}.Debug|Win32.ActiveCfg = Debug|Win32
		{E7AE17AA-A826-4C9F-9E78-EBE2A9FDD6AE}.Debug|Win32.Build.0 = Debug|Win32
		{E7AE17AA-A826-4C9F-9E78-EBE2A9FDD6AE}.Debug|x64.ActiveCfg = Debug|x64
		{E7AE17AA-A826-4C9F-9E78-EBE2A9FDD6AE}.Debug|x64.Build.0 = Debug|x64
		{E7AE17AA-A826-4C9F-9E78-EBE2A9FDD6AE}.Release|Win32.ActiveCfg = Release|Win32
		{E7AE17AA-A826-4C9F-9E78-EBE2A9FDD6AE}.Release|Win32.Build.0 = Release|Win32
		{E7AE17AA-A826-4C9F-9E78-EBE2A9FDD6AE}.Release|x64.ActiveCfg = Release|x64
		{E7AE17AA-A826-4C9F-9E78-EBE2A9FDD6AE}.Release|x64.Build.0 = Release|x64
		{DE613ACC-98CC-4712-8EAB-23DAA81236A4}.Debug|Win32.ActiveCfg = Debug|Win32
		{DE613ACC-98CC-4712-8EAB-23DAA81236A4}.Debug|Win32.Build.0 = Debug|Win32
		{DE613ACC-98CC-4712-8EAB-23DAA81236A4}.Debug|x64.ActiveCfg = Debug|x64
		{DE613ACC-98CC-4712-8EAB-23DAA81236A4}.Debug|x64.Build.0 = Debug|x64
		{DE613ACC-98CC-4712-8EAB-23DAA81236A4}.Release|Win32.ActiveCfg = Release|Win32
		{DE613ACC-98CC-4712-8EAB-23DAA81236A4}.Release|Win32.Build.0 = Release|Win32
		{DE613ACC-98CC-4712-8EAB-23DAA81236A4}.Release|x64.ActiveCfg = Release|x64
		{DE613ACC-98CC-4712-8EAB-23DAA81236A4}.Release|x64.Build.0 = Release|x64
		{780EBC4A-1745-4D30-AEFF-62423DCE9F56}.Debug|Win32.ActiveCfg = Debug|Win32
		{780EBC4A-1745-4D30-AEFF-62423DCE9F56}.Debug|Win32.Build.0 = Debug|Win32
		{780EBC4A-1745-4D30-AEFF-62423DCE9F56}.Debug|x64.ActiveCfg = Debug|x64
		{780EBC4A-1745-4D30-AEFF-62423DCE9F56}.Debug|x64.Build.0 = Debug|x64
		{780EBC4A-1745-4D30-AEFF-62423DCE9F56}.Release|Win32.ActiveCfg = Release|Win32
		{780EBC4A-1745-4D30-AEFF-62423DCE9F56}.Release|Win32.Build.0 = Release|Win32
		{780EBC4A-1745-4D30-AEFF-62423DCE9F56}.Release|x64.ActiveCfg = Release|x64
		{780EBC4A-1745-4D30-AEFF-62423DCE9F56}.Release|x64.Build.0 = Release|x64
		{D0903FE3-74A0-4D43-A331-14AE56FDC52A}.Debug|Win32.ActiveCfg = Debug|Win32
		{D0903FE3-74A0-4D43-A331-14AE56FDC52A}.Debug|Win32.Build.0 = Debug|Win32
		{D0903FE3-74A0-4D43-A331-14AE56FDC52A}.Debug|x64.ActiveCfg = Debug|x64
		{D0903FE3-74A0-4D43-A331-14AE56FDC52A}.Debug|x64.Build.0 = Debug|x64
		{D0903FE3-74A0-4D43-A331-14AE56FDC52A}.Release|Win32.ActiveCfg = Release|Win32
		{D0903FE3-74A0-4D43-A331-14AE56FDC52A}.Release|Win32.Build.0 = Release|Win32
		{D0903FE3-74A0-4D43-A331-14AE56FDC52A}.Release|x64.ActiveCfg = Release|x64
		{D0903FE3-74A0-4D43-A331-14AE56FDC52A}.Release|x64.Build.0 = Release|x64
		{682A9DEA-B371-4523-A9D7-A0A2E290EF2D}.Debug|Win32.ActiveCfg = Debug|Win32
		{682A9DEA-B371-4523-A9D7-A0A2E290EF2D}.Debug|Win32.Build.0 = Debug|Win32
		{682A9DEA-B371-4523-A9D7-A0A2E290EF2D}.Debug|x64.ActiveCfg = Debug|x64
		{682A9DEA-B371-4523-A9D7-A0A2E290EF2D}.Debug|x64.Build.0 = Debug|x64
		{682A9DEA-B371-4523-A9D7-A0A2E290EF2D}.Release|Win32.ActiveCfg = Release|Win32
		{682A9DEA-B371-4523-A9D7-A0A2E290EF2D}.Release|Win32.Build.0 = Release|Win32
		{682A9DEA-B371-4523-A9D7-A0A2E290EF2D}.Release|x64.ActiveCfg = Release|x64
		{682A9DEA-B371-4523-A9D7-A0A2E290EF2D}.Release|x64.Build.0 = Release|x64
		{49EC7F2B-FA0C-48A8-96F1-1A3EBAEE71C9}.Debug|Win32.ActiveCfg = Debug|Win32
		{49EC7F2B-FA0C-48A8-96F1-1A3EBAEE71C9}.Debug|Win32.Build.0 = Debug|Win32
		{49EC7F2B-FA0C-48A8-96F1-1A3EBAEE71C9}.Debug|x64.ActiveCfg = Debug|x64
		{49EC7F2B-FA0C-48A8-96F1-1A3EBAEE71C9}.Debug|x64.Build.0 = Debug|x64
		{49EC7F2B-FA0C-48A8-96F1-1A3EBAEE71C9}.Release|Win32.ActiveCfg = Release|Win32
		{49EC7F2B-FA0C-48A8-96F1-1A3EBAEE71C9}.Release|Win32.Build.0 = Release|Win32
		{49EC7F2B-FA0C-48A8-96F1-1A3EBAEE71C9}.Release|x64.ActiveCfg = Release|x64
		{49EC7F2B-FA0C-48A8-96F1-1A3EBAEE71C9}.Release|x64.Build.0 = Release|x64
		{0F1D3C97-9ED5-4064-A293-55924EF6B79A}.Debug|Win32.ActiveCfg = Debug|Win32
		{0F1D3C97-9ED5-4064-A293-55924EF6B79A}.Debug|Win32.Build.0 = Debug|Win32
		{0F1D3C97-9ED5-4064-A293-55924EF6B79A}.Debug|x64.ActiveCfg = Debug|x64
		{0F1D3C97-9ED5-4064-A293-55924EF6B79A}.Debug|x64.Build.0 = Debug|x64
		{0F1D3C97-9ED5-4064-A293-55924EF6B79A}.Release|Win32.ActiveCfg = Release|Win32
		{0F1D3C97-9ED5-4064-A293-55924EF6B79A}.Release|Win32.Build.0 = Release|Win32
		{0F1D3C97-9ED5-4064-A293-55924EF6B79A}.Release|x64.ActiveCfg = Release|x64
		{0F1D3C97-9ED5-4064-A293-55924EF6B79A}.Release|x64.Build.0 = Release|x64
		{1AA52C12-9EF4-41EA-B5F2-F91BB8829632}.Debug|Win32.ActiveCfg = Debug|Win32
		{1AA52C12-9EF4-41EA-B5F2-F91BB8829632}.Debug|Win32.Build.0 = Debug|Win32
		{1AA52C12-9EF4-41EA-B5F2-F91BB8829632}.Debug|x64.ActiveCfg = Debug|x64
		{1AA52C12-9EF4-41EA-B5F2-F91BB8829632}.Debug|x64.Build.0 = Debug|x64
		{1AA52C12-9EF4-41EA-B5F2-F91BB8829632}.Release|Win32.ActiveCfg = Release|Win32
		{1AA52C12-9EF4-41EA-B5F2-F91BB8829632}.Release|Win32.Build.0 = Release|Win32
		{1AA52C12-9EF4-41EA-B5F2-F91BB8829632}.Release|x64.ActiveCfg = Release|x64
		{1AA52C12-9EF4-41EA-B5F2-F91BB8829632}.Release|x64.Build.0 = Release|x64
		{577D2B99-4D45-4E0D-95F0-CC4988884EC7}.Debug|Win32.ActiveCfg = Debug|Win32
		{577D2B99-4D45-4E0D-95F0-CC4988884EC7}.Debug|Win32.Build.0 = Debug|Win32
		{577D2B99-4D45-4E0D-95F0-CC4988884EC7}.Debug|x64.ActiveCfg = Debug|x64
		{577D2B99-4D45-4E0D-95F0-CC4988884EC7}.Debug|x64.Build.0 = Debug|x64
		{577D2B99-4D45-4E0D-95F0-CC4988884EC7}.Release|Win32.ActiveCfg = Release|Win32
		{577D2B99-4D45-4E0D-95F0-CC4988884EC7}.Release|Win32.Build.0 = Release|Win32
		{577D2B99-4D45-4E0D-95F0-CC4988884EC7}.Release|x64.ActiveCfg = Release|x64
		{577D2B99-4D45-4E0D-95F0-CC4988884EC7}.Release|x64.Build.0 = Release|x64
		{2CED1D2A-C1A8-40F1-B49F-3A9B2C3DCA7C}.Debug|Win32.ActiveCfg = Debug|Win32
		{2CED1D2A-C1A8-40F1-B49F-3A9B2C3DCA7C}.Debug|Win32.Build.0 = Debug|Win32
		{2CED1D2A-C1A8-40F1-B49F-3A9B2C3DCA7C}.Debug|x64.ActiveCfg = Debug|x64
		{2CED1D2A-C1A8-40F1-B49F-3A9B2C3DCA7C}.Debug|x64.Build.0 = Debug|x64
		{2CED1D2A-C1A8-40F1-B49F-3A9B2C3DCA7C}.Release|Win32.ActiveCfg = Release|Win32
		{2CED1D2A-C1A8-40F1-B49F-3A9B2C3DCA7C}.Release|Win32.Build.0 = Release|Win32
		{2CED1D2A-C1A8-40F1-B49F-3A9B2C3DCA7C}.Release|x64.ActiveCfg = Release|x64
		{2CED1D2A-C1A8-40F1-B49F-3A9B2C3DCA7C}.Release|x64.Build.0 = Release|x64
	EndGlobalSection
	GlobalSection(SolutionProperties) = preSolution
		HideSolutionNode = FALSE
	EndGlobalSection
EndGlobal
